{
  "name": "interior-design-editor",
  "lockfileVersion": 3,
  "requires": true,
  "packages": {
    "": {
      "name": "interior-design-editor",
      "dependencies": {
        "@codemirror/commands": "6.11.1",
        "@codemirror/language": "6.12.4",
        "@codemirror/state": "6.7.6",
        "@codemirror/view": "6.43.13",
        "@lezer/common": "1.5.3",
        "@lezer/lr": "1.4.10",
        "rbush": "4.0.1",
        "suncalc": "1.9.0",
        "three": "0.181.1",
        "tinyqueue": "3.0.0"
      },
      "devDependencies": {
        "@lezer/generator": "1.8.1"
      }
    },
    "node_modules/@codemirror/commands": {
      "version": "6.11.1",
      "resolved": "https://registry.npmjs.org/@codemirror/commands/-/commands-6.11.1.tgz",
      "integrity": "sha512-O/4hG3SC1YwcmQ0d2UVNDs+AsaNWd1iHVxbTeEBuqH+6bExAiPK3iS/BvpY6rZGURALv4ZD3sIgcCmRvw3ehBg==",
      "license": "MIT",
      "dependencies": {
        "@codemirror/language": "^6.0.0",
        "@codemirror/state": "^6.7.0",
        "@codemirror/view": "^6.27.0",
        "@lezer/common": "^1.1.0"
      }
    },
    "node_modules/@codemirror/language": {
      "version": "6.12.4",
      "resolved": "https://registry.npmjs.org/@codemirror/language/-/language-6.12.4.tgz",
      "integrity": "sha512-1q4PaT+o6PbgpkJt4Q8Fv5XJxTy4FUZ4MWETtyiDw3J0Pyr9E2vqcKL+k9wcvjNTIsauxvE7OfmWj3FRPHQ76A==",
      "license": "MIT",
      "dependencies": {
        "@codemirror/state": "^6.0.0",
        "@codemirror/view": "^6.23.0",
        "@lezer/common": "^1.5.0",
        "@lezer/highlight": "^1.0.0",
        "@lezer/lr": "^1.0.0",
        "style-mod": "^4.0.0"
      }
    },
    "node_modules/@codemirror/state": {
      "version": "6.7.6",
      "resolved": "https://registry.npmjs.org/@codemirror/state/-/state-6.7.6.tgz",
      "integrity": "sha512-kAz+AncRtKuIknedxT1bq4XwXv4UowhbkHU1myPrtVb/jZtImWuV5BXzv5vK6i3kYACsdiZiQKFQQ5Mq7elW8w==",
      "license": "MIT",
      "dependencies": {
        "@marijn/find-cluster-break": "^1.0.0"
      }
    },
    "node_modules/@codemirror/view": {
      "version": "6.43.13",
      "resolved": "https://registry.npmjs.org/@codemirror/view/-/view-6.43.13.tgz",
      "integrity": "sha512-sihaFrUzAsYBQsL9J2t69y8nfMQGwcYmggAZsk+kjPbjYZMyuf2hU8tUNTZ+P+isb6XRr8JE22TZlJxBoVdH1A==",
      "license": "MIT",
      "dependencies": {
        "@codemirror/state": "^6.7.0",
        "crelt": "^1.0.6",
        "style-mod": "^4.1.0",
        "w3c-keyname": "^2.2.4"
      }
    },
    "node_modules/@lezer/common": {
      "version": "1.5.3",
      "resolved": "https://registry.npmjs.org/@lezer/common/-/common-1.5.3.tgz",
      "integrity": "sha512-H0iErY4e43LpXbYDyBci5W4v/RwTgGV3YzYOlJPiGZ8RY8w51kVE+xLn1tg3Z6UmSfyETvtsUK3r7YsgDQEI7Q==",
      "license": "MIT"
    },
    "node_modules/@lezer/generator": {
      "version": "1.8.1",
      "resolved": "https://registry.npmjs.org/@lezer/generator/-/generator-1.8.1.tgz",
      "integrity": "sha512-7q7szXqT7EPTs6SODBl58Qoz/4OrhNvm5pW4lbu1ZDnG5e0nn7drLzeN9Nxkm8j/1iMs5QZ9j3i4SV+W4Z6SQA==",
      "dev": true,
      "license": "MIT",
      "dependencies": {
        "@lezer/common": "^1.1.0",
        "@lezer/lr": "^1.3.0"
      },
      "bin": {
        "lezer-generator": "src/lezer-generator.cjs"
      }
    },
    "node_modules/@lezer/highlight": {
      "version": "1.2.5",
      "resolved": "https://registry.npmjs.org/@lezer/highlight/-/highlight-1.2.5.tgz",
      "integrity": "sha512-O1GMVKgtf5YspFaRzpmqkVgMtIk2HG9uMAbH6wdAIdNh3TVzCsch/+cRi+6l2//UGDKe6NB9BW3cvuR5ezMQ0w==",
      "license": "MIT",
      "dependencies": {
        "@lezer/common": "^1.3.0"
      }
    },
    "node_modules/@lezer/lr": {
      "version": "1.4.10",
      "resolved": "https://registry.npmjs.org/@lezer/lr/-/lr-1.4.10.tgz",
      "integrity": "sha512-rnCpTIBafOx4mRp43xOxDJbFipJm/c0cia/V5TiGlhmMa+wsSdoGmUN3w5Bqrks/09Q/D4tNAmWaT8p6NRi77A==",
      "license": "MIT",
      "dependencies": {
        "@lezer/common": "^1.0.0"
      }
    },
    "node_modules/@marijn/find-cluster-break": {
      "version": "1.0.4",
      "resolved": "https://registry.npmjs.org/@marijn/find-cluster-break/-/find-cluster-break-1.0.4.tgz",
      "integrity": "sha512-Wy0V7+SGUjnF9/TkiM1hKVDPj7jKXduPNboMVtHTA8dySMURWqfg/JZ9E2Sq8JgSJmkl7k7Qe9FLeMSrSraWmQ==",
      "license": "MIT"
    },
    "node_modules/crelt": {
      "version": "1.0.7",
      "resolved": "https://registry.npmjs.org/crelt/-/crelt-1.0.7.tgz",
      "integrity": "sha512-aK6BbWfhf4U/wCcLHKPJl/xa6VkVstRaPywWtMKGwuOLc/wZTyQYuoxgvZnNsBvv7Kg3YTBQYYBCggcviQczuA==",
      "license": "MIT"
    },
    "node_modules/quickselect": {
      "version": "3.0.0",
      "resolved": "https://registry.npmjs.org/quickselect/-/quickselect-3.0.0.tgz",
      "integrity": "sha512-XdjUArbK4Bm5fLLvlm5KpTFOiOThgfWWI4axAZDWg4E/0mKdZyI9tNEfds27qCi1ze/vwTR16kvmmGhRra3c2g==",
      "license": "ISC"
    },
    "node_modules/rbush": {
      "version": "4.0.1",
      "resolved": "https://registry.npmjs.org/rbush/-/rbush-4.0.1.tgz",
      "integrity": "sha512-IP0UpfeWQujYC8Jg162rMNc01Rf0gWMMAb2Uxus/Q0qOFw4lCcq6ZnQEZwUoJqWyUGJ9th7JjwI4yIWo+uvoAQ==",
      "license": "MIT",
      "dependencies": {
        "quickselect": "^3.0.0"
      }
    },
    "node_modules/style-mod": {
      "version": "4.1.4",
      "resolved": "https://registry.npmjs.org/style-mod/-/style-mod-4.1.4.tgz",
      "integrity": "sha512-XXWIQt633/EpAFx8aZDOTjBzrCaGmhvEQlQo6MVPfa2OzO2cWo+4hV9h+6UkHYlXGfy+ODXKUdP7Pthmcu5ATw==",
      "license": "MIT"
    },
    "node_modules/suncalc": {
      "version": "1.9.0",
      "resolved": "https://registry.npmjs.org/suncalc/-/suncalc-1.9.0.tgz",
      "integrity": "sha512-vMJ8Byp1uIPoj+wb9c1AdK4jpkSKVAywgHX0lqY7zt6+EWRRC3Z+0Ucfjy/0yxTVO1hwwchZe4uoFNqrIC24+A=="
    },
    "node_modules/three": {
      "version": "0.181.1",
      "resolved": "https://registry.npmjs.org/three/-/three-0.181.1.tgz",
      "integrity": "sha512-bz9xZUQMw3pJbjKy7roiwXWgAp+oVUa+4k5o0oBAQ+IFJuru1xzvtk63h6k72XZanXS/SgoEhV6927Vgazyq2w==",
      "license": "MIT"
    },
    "node_modules/tinyqueue": {
      "version": "3.0.0",
      "resolved": "https://registry.npmjs.org/tinyqueue/-/tinyqueue-3.0.0.tgz",
      "integrity": "sha512-gRa9gwYU3ECmQYv3lslts5hxuIa90veaEcxDYuu3QGOIAEM2mOZkVHp48ANJuu1CURtRdHKUBY5Lm1tHV+sD4g==",
      "license": "ISC"
    },
    "node_modules/w3c-keyname": {
      "version": "2.2.8",
      "resolved": "https://registry.npmjs.org/w3c-keyname/-/w3c-keyname-2.2.8.tgz",
      "integrity": "sha512-dpojBhNsCNN7T82Tm7k26A6G9ML3NkhDsnw9n/eoxSRlVBB4CEtIQ/KTCLI2Fwf3ataSXRhYFkQi3SlnFwPvPQ==",
      "license": "MIT"
    }
  }
}
